
Microsoft Visual Studio Solution File, Format Version 12.00
# Visual Studio Version 17
VisualStudioVersion = 17.0.32126.317
MinimumVisualStudioVersion = 10.0.40219.1
Project("{FAE04EC0-301F-11D3-BF4B-00C04F79EFBC}") = "ConsoleApp1", "ConsoleApp1\ConsoleApp1.csproj", "{AAD156C6-F587-428A-B2EB-53E46591C6B9}"
EndProject
Global
	GlobalSection(SolutionConfigurationPlatforms) = preSolution
		Debug|Any CPU = Debug|Any CPU
		Release|Any CPU = Release|Any CPU
	EndGlobalSection
	GlobalSection(ProjectConfigurationPlatforms) = postSolution
		{AAD156C6-F587-428A-B2EB-53E46591C6B9}.Debug|Any CPU.ActiveCfg = Debug|Any CPU
		{AAD156C6-F587-428A-B2EB-53E46591C6B9}.Debug|Any CPU.Build.0 = Debug|Any CPU
		{AAD156C6-F587-428A-B2EB-53E46591C6B9}.Release|Any CPU.ActiveCfg = Release|Any CPU
		{AAD156C6-F587-428A-B2EB-53E46591C6B9}.Release|Any CPU.Build.0 = Release|Any CPU
	EndGlobalSection
	GlobalSection(SolutionProperties) = preSolution
		HideSolutionNode = FALSE
	EndGlobalSection
	GlobalSection(ExtensibilityGlobals) = postSolution
		SolutionGuid = {56F50490-E5B5-4C92-8C23-26FF186C7C48}
	EndGlobalSection
EndGlobal
